
Microsoft Visual Studio Solution File, Format Version 12.00
# Visual Studio Version 17
VisualStudioVersion = 17.13.35507.96 d17.13
MinimumVisualStudioVersion = 10.0.40219.1
Project("{FAE04EC0-301F-11D3-BF4B-00C04F79EFBC}") = "First And Second Lesson", "First And Second Lesson\First And Second Lesson.csproj", "{46488729-16B6-4301-8724-AEC2415B0273}"
EndProject
Global
	GlobalSection(SolutionConfigurationPlatforms) = preSolution
		Debug|Any CPU = Debug|Any CPU
		Release|Any CPU = Release|Any CPU
	EndGlobalSection
	GlobalSection(ProjectConfigurationPlatforms) = postSolution
		{46488729-16B6-4301-8724-AEC2415B0273}.Debug|Any CPU.ActiveCfg = Debug|Any CPU
		{46488729-16B6-4301-8724-AEC2415B0273}.Debug|Any CPU.Build.0 = Debug|Any CPU
		{46488729-16B6-4301-8724-AEC2415B0273}.Release|Any CPU.ActiveCfg = Release|Any CPU
		{46488729-16B6-4301-8724-AEC2415B0273}.Release|Any CPU.Build.0 = Release|Any CPU
	EndGlobalSection
	GlobalSection(SolutionProperties) = preSolution
		HideSolutionNode = FALSE
	EndGlobalSection
	GlobalSection(ExtensibilityGlobals) = postSolution
		SolutionGuid = {96F6AB83-620A-49CA-9809-B1261B8D8BD1}
	EndGlobalSection
EndGlobal
